{
  "name": "okay",
  "lockfileVersion": 3,
  "requires": true,
  "packages": {
    "": {
      "dependencies": {
        "mcping-js": "^1.5.0",
        "mcpinger": "^0.1.8"
      }
    },
    "node_modules/mcping-js": {
      "version": "1.5.0",
      "resolved": "https://registry.npmjs.org/mcping-js/-/mcping-js-1.5.0.tgz",
      "integrity": "sha512-CoXbpbSqE4OtJupU2lvzoKFrGerH0AoyY9YoQ98EKUOhtxfLQa+f+DFqWYUaZ451Scru1gJm/+w6d3IKJhMGvQ=="
    },
    "node_modules/mcpinger": {
      "version": "0.1.8",
      "resolved": "https://registry.npmjs.org/mcpinger/-/mcpinger-0.1.8.tgz",
      "integrity": "sha512-WcElWrrRHVj/POmu/W+Kf2hRolaisy2OQaTG+Swy+V1Igv6x3MDR0UZlbOxZLT2pQheOqAnbOzH7Qv/O9N8jFg==",
      "dependencies": {
        "mcping-js": "^1.5.0"
      }
    }
  }
}
